
Microsoft Visual Studio Solution File, Format Version 12.00
# Visual Studio Version 17
VisualStudioVersion = 17.12.35521.163
MinimumVisualStudioVersion = 10.0.40219.1
Project("{FAE04EC0-301F-11D3-BF4B-00C04F79EFBC}") = "InMemoryCacheApp.Web", "InMemoryCacheApp.Web\InMemoryCacheApp.Web.csproj", "{A9C6DDF3-2A8D-4A46-A02F-D641F7294681}"
EndProject
Project("{2150E333-8FDC-42A3-9474-1A3956D46DE8}") = "WebApp", "WebApp", "{8696AFF7-5AAC-47F0-A98C-BB0C3F57D19C}"
EndProject
Project("{FAE04EC0-301F-11D3-BF4B-00C04F79EFBC}") = "IDistributedCacheRedisApp.Web", "IDistributedCacheRedisApp.Web\IDistributedCacheRedisApp.Web\IDistributedCacheRedisApp.Web.csproj", "{978E1D0F-FA49-426C-8FEA-31248B86837F}"
EndProject
Project("{2150E333-8FDC-42A3-9474-1A3956D46DE8}") = "StackExchange", "StackExchange", "{677B4BD2-80D0-461C-BB18-2EBE52C76895}"
EndProject
Project("{FAE04EC0-301F-11D3-BF4B-00C04F79EFBC}") = "StackExchangeApi.Web", "RedisApi.StackExchange\StackExchangeApi.Web\StackExchangeApi.Web.csproj", "{CB497DCC-E6A4-4EFA-A21B-B487A1D51016}"
EndProject
Project("{FAE04EC0-301F-11D3-BF4B-00C04F79EFBC}") = "RedisExampleApp.Api", "RedisApp.API\RedisExampleApp.Api\RedisExampleApp.Api.csproj", "{BFD1F689-2743-4D4A-9CC6-2FF163662C7F}"
EndProject
Project("{2150E333-8FDC-42A3-9474-1A3956D46DE8}") = "ApiApp", "ApiApp", "{651C13FC-318B-469F-AAD9-F3C6405689F2}"
EndProject
Project("{FAE04EC0-301F-11D3-BF4B-00C04F79EFBC}") = "RedisConnect", "RedisConnect\RedisConnect.csproj", "{DA3EF2AC-39D2-476F-B7CC-B8E3F7DC47B7}"
EndProject
Global
	GlobalSection(SolutionConfigurationPlatforms) = preSolution
		Debug|Any CPU = Debug|Any CPU
		Release|Any CPU = Release|Any CPU
	EndGlobalSection
	GlobalSection(ProjectConfigurationPlatforms) = postSolution
		{A9C6DDF3-2A8D-4A46-A02F-D641F7294681}.Debug|Any CPU.ActiveCfg = Debug|Any CPU
		{A9C6DDF3-2A8D-4A46-A02F-D641F7294681}.Debug|Any CPU.Build.0 = Debug|Any CPU
		{A9C6DDF3-2A8D-4A46-A02F-D641F7294681}.Release|Any CPU.ActiveCfg = Release|Any CPU
		{A9C6DDF3-2A8D-4A46-A02F-D641F7294681}.Release|Any CPU.Build.0 = Release|Any CPU
		{978E1D0F-FA49-426C-8FEA-31248B86837F}.Debug|Any CPU.ActiveCfg = Debug|Any CPU
		{978E1D0F-FA49-426C-8FEA-31248B86837F}.Debug|Any CPU.Build.0 = Debug|Any CPU
		{978E1D0F-FA49-426C-8FEA-31248B86837F}.Release|Any CPU.ActiveCfg = Release|Any CPU
		{978E1D0F-FA49-426C-8FEA-31248B86837F}.Release|Any CPU.Build.0 = Release|Any CPU
		{CB497DCC-E6A4-4EFA-A21B-B487A1D51016}.Debug|Any CPU.ActiveCfg = Debug|Any CPU
		{CB497DCC-E6A4-4EFA-A21B-B487A1D51016}.Debug|Any CPU.Build.0 = Debug|Any CPU
		{CB497DCC-E6A4-4EFA-A21B-B487A1D51016}.Release|Any CPU.ActiveCfg = Release|Any CPU
		{CB497DCC-E6A4-4EFA-A21B-B487A1D51016}.Release|Any CPU.Build.0 = Release|Any CPU
		{BFD1F689-2743-4D4A-9CC6-2FF163662C7F}.Debug|Any CPU.ActiveCfg = Debug|Any CPU
		{BFD1F689-2743-4D4A-9CC6-2FF163662C7F}.Debug|Any CPU.Build.0 = Debug|Any CPU
		{BFD1F689-2743-4D4A-9CC6-2FF163662C7F}.Release|Any CPU.ActiveCfg = Release|Any CPU
		{BFD1F689-2743-4D4A-9CC6-2FF163662C7F}.Release|Any CPU.Build.0 = Release|Any CPU
		{DA3EF2AC-39D2-476F-B7CC-B8E3F7DC47B7}.Debug|Any CPU.ActiveCfg = Debug|Any CPU
		{DA3EF2AC-39D2-476F-B7CC-B8E3F7DC47B7}.Debug|Any CPU.Build.0 = Debug|Any CPU
		{DA3EF2AC-39D2-476F-B7CC-B8E3F7DC47B7}.Release|Any CPU.ActiveCfg = Release|Any CPU
		{DA3EF2AC-39D2-476F-B7CC-B8E3F7DC47B7}.Release|Any CPU.Build.0 = Release|Any CPU
	EndGlobalSection
	GlobalSection(SolutionProperties) = preSolution
		HideSolutionNode = FALSE
	EndGlobalSection
	GlobalSection(NestedProjects) = preSolution
		{A9C6DDF3-2A8D-4A46-A02F-D641F7294681} = {8696AFF7-5AAC-47F0-A98C-BB0C3F57D19C}
		{978E1D0F-FA49-426C-8FEA-31248B86837F} = {8696AFF7-5AAC-47F0-A98C-BB0C3F57D19C}
		{CB497DCC-E6A4-4EFA-A21B-B487A1D51016} = {677B4BD2-80D0-461C-BB18-2EBE52C76895}
		{BFD1F689-2743-4D4A-9CC6-2FF163662C7F} = {651C13FC-318B-469F-AAD9-F3C6405689F2}
		{DA3EF2AC-39D2-476F-B7CC-B8E3F7DC47B7} = {651C13FC-318B-469F-AAD9-F3C6405689F2}
	EndGlobalSection
EndGlobal
